{
  "name": "regex-demo",
  "version": "1.0.0",
  "lockfileVersion": 3,
  "requires": true,
  "packages": {
    "": {
      "name": "regex-demo",
      "version": "1.0.0",
      "license": "ISC",
      "dependencies": {
        "regex": "file:../regex"
      }
    },
    "../regex": {
      "version": "2.1.0",
      "license": "MIT",
      "dependencies": {
        "regex-utilities": "^2.0.0"
      },
      "devDependencies": {
        "esbuild": "^0.21.5",
        "jasmine": "^5.1.0"
      }
    },
    "node_modules/regex": {
      "resolved": "../regex",
      "link": true
    }
  }
}
